
Microsoft Visual Studio Solution File, Format Version 12.00
# Visual Studio Version 16
VisualStudioVersion = 16.0.32002.261
MinimumVisualStudioVersion = 10.0.40219.1
Project("{FAE04EC0-301F-11D3-BF4B-00C04F79EFBC}") = "CursoOnline", "CursoOnline\CursoOnline.csproj", "{DA95176B-988C-4773-AE70-98910D33F29E}"
EndProject
Global
	GlobalSection(SolutionConfigurationPlatforms) = preSolution
		Debug|Any CPU = Debug|Any CPU
		Release|Any CPU = Release|Any CPU
	EndGlobalSection
	GlobalSection(ProjectConfigurationPlatforms) = postSolution
		{DA95176B-988C-4773-AE70-98910D33F29E}.Debug|Any CPU.ActiveCfg = Debug|Any CPU
		{DA95176B-988C-4773-AE70-98910D33F29E}.Debug|Any CPU.Build.0 = Debug|Any CPU
		{DA95176B-988C-4773-AE70-98910D33F29E}.Release|Any CPU.ActiveCfg = Release|Any CPU
		{DA95176B-988C-4773-AE70-98910D33F29E}.Release|Any CPU.Build.0 = Release|Any CPU
	EndGlobalSection
	GlobalSection(SolutionProperties) = preSolution
		HideSolutionNode = FALSE
	EndGlobalSection
	GlobalSection(ExtensibilityGlobals) = postSolution
		SolutionGuid = {03A29044-9832-465D-8B10-D9A0E53D38B1}
	EndGlobalSection
EndGlobal
